
Microsoft Visual Studio Solution File, Format Version 12.00
# Visual Studio Version 17
VisualStudioVersion = 17.0.32112.339
MinimumVisualStudioVersion = 10.0.40219.1
Project("{9A19103F-16F7-4668-BE54-9A1E7A4F7556}") = "ConsoleApp1", "ConsoleApp1\ConsoleApp1.csproj", "{91C53D0E-178A-4CB5-B186-10BE335A719C}"
EndProject
Project("{FAE04EC0-301F-11D3-BF4B-00C04F79EFBC}") = "Задача 33", "ЗАдача 33\Задача 33.csproj", "{15EC71A0-80DF-460F-8F51-FB99FDCE3CB3}"
EndProject
Project("{FAE04EC0-301F-11D3-BF4B-00C04F79EFBC}") = "Задача 34", "Задача 34\Задача 34.csproj", "{8A6AAF79-F91C-45C8-B481-C600E14EFFA4}"
EndProject
Project("{FAE04EC0-301F-11D3-BF4B-00C04F79EFBC}") = "Задача 35", "ЗАдача 35\Задача 35.csproj", "{111C8A07-8687-4B71-9AC9-D3CC543F1185}"
EndProject
Project("{FAE04EC0-301F-11D3-BF4B-00C04F79EFBC}") = "Задача 36", "Задача 36\Задача 36.csproj", "{6D9B29D5-48EF-4965-B0E9-FB299C65A5C6}"
EndProject
Project("{FAE04EC0-301F-11D3-BF4B-00C04F79EFBC}") = "Задача 37", "ЗАдача 37\Задача 37.csproj", "{F8FAA183-74CD-4E57-961C-36EDCCB26CBA}"
EndProject
Project("{FAE04EC0-301F-11D3-BF4B-00C04F79EFBC}") = "Задача 38", "Задача 38\Задача 38.csproj", "{87735EA8-E7DC-4D99-A94F-F787BDD76DC8}"
EndProject
Project("{FAE04EC0-301F-11D3-BF4B-00C04F79EFBC}") = "Задача 44", "Задача 44\Задача 44.csproj", "{F5472A79-255B-4301-B62D-D9BDBB875F3B}"
EndProject
Project("{FAE04EC0-301F-11D3-BF4B-00C04F79EFBC}") = "Задача 45", "Задача 45\Задача 45.csproj", "{6CEDF375-C649-49E9-A1B0-4EBC60F60A8E}"
EndProject
Project("{FAE04EC0-301F-11D3-BF4B-00C04F79EFBC}") = "Задача 46", "Задача 46\Задача 46.csproj", "{A1F5386E-8790-48CA-97C7-B1EA3989FDC1}"
EndProject
Project("{FAE04EC0-301F-11D3-BF4B-00C04F79EFBC}") = "Задание на одномерные  массивы №1", "Задание на одномерные  массивы №1\Задание на одномерные  массивы №1.csproj", "{950A84F7-C5C2-496C-8087-E22201194DB4}"
EndProject
Project("{FAE04EC0-301F-11D3-BF4B-00C04F79EFBC}") = "Задача 47", "Задача 47\Задача 47.csproj", "{1FD4A302-4B93-43E3-B7C8-79725039CF16}"
EndProject
Project("{FAE04EC0-301F-11D3-BF4B-00C04F79EFBC}") = "Задача 48", "Задача 48\Задача 48.csproj", "{22954303-6BBE-437E-BB64-F53B2110BF57}"
EndProject
Project("{FAE04EC0-301F-11D3-BF4B-00C04F79EFBC}") = "Задача 49", "Задача 49\Задача 49.csproj", "{9E697469-AAC1-490C-B941-966B747528F0}"
EndProject
Project("{FAE04EC0-301F-11D3-BF4B-00C04F79EFBC}") = "Задача 50", "Задача 50\Задача 50.csproj", "{55A031D8-DC84-43CC-A328-AC742B2054E2}"
EndProject
Project("{FAE04EC0-301F-11D3-BF4B-00C04F79EFBC}") = "Задача 51", "Задача 51\Задача 51.csproj", "{CB54F67C-C8F6-46E3-A3E6-D8AB8DF0C4A8}"
EndProject
Project("{FAE04EC0-301F-11D3-BF4B-00C04F79EFBC}") = "TheMagic", "TheMagic\TheMagic.csproj", "{4908F6A9-C00A-46FD-9374-86FC06E857A0}"
EndProject
Project("{FAE04EC0-301F-11D3-BF4B-00C04F79EFBC}") = "Сортировка одномерного массива", "Сортировка одномерного массива\Сортировка одномерного массива.csproj", "{D2CCEBEA-C2CB-4CD9-AC8A-0FE4FB981A29}"
EndProject
Project("{FAE04EC0-301F-11D3-BF4B-00C04F79EFBC}") = "MathTriangle", "MathTriangle\MathTriangle.csproj", "{12F61E32-6BBE-42F1-856A-9B5D15B2A75D}"
EndProject
Project("{FAE04EC0-301F-11D3-BF4B-00C04F79EFBC}") = "Гипергеометрия", "Гипергеометрия\Гипергеометрия.csproj", "{43C0DE7D-EE79-40B8-B551-A1EEF74B6966}"
EndProject
Project("{FAE04EC0-301F-11D3-BF4B-00C04F79EFBC}") = "Задача 01", "Задача 01\Задача 01.csproj", "{205B26D1-73FD-442F-BA17-5D179CA6D5AB}"
EndProject
Project("{FAE04EC0-301F-11D3-BF4B-00C04F79EFBC}") = "Задача 02", "Задача 02\Задача 02.csproj", "{B2CD80C9-7467-4C34-BC3B-ADF78EAEAB6B}"
EndProject
Project("{9A19103F-16F7-4668-BE54-9A1E7A4F7556}") = "Задача 03", "Задача 03\Задача 03.csproj", "{501F6000-52BF-44CE-9538-58A4C414FDC0}"
EndProject
Project("{FAE04EC0-301F-11D3-BF4B-00C04F79EFBC}") = "Задача 04", "Задача 04\Задача 04.csproj", "{2C75F20B-EEA2-4DB2-9134-88CD24340633}"
EndProject
Project("{FAE04EC0-301F-11D3-BF4B-00C04F79EFBC}") = "Задача 05", "Задача 05\Задача 05.csproj", "{9E3669E3-4A47-4722-B691-9A96B58C85FE}"
EndProject
Project("{FAE04EC0-301F-11D3-BF4B-00C04F79EFBC}") = "Задача 06", "Задача 06\Задача 06.csproj", "{2850EE55-02A0-43D0-8B62-7C378EF3D361}"
EndProject
Project("{FAE04EC0-301F-11D3-BF4B-00C04F79EFBC}") = "Задача 07", "Задача 07\Задача 07.csproj", "{E2DFC2AB-74CA-4C8C-8718-594B3A4CBA92}"
EndProject
Project("{FAE04EC0-301F-11D3-BF4B-00C04F79EFBC}") = "Задача 08", "Задача 08\Задача 08.csproj", "{DE2B388A-F0DF-482D-98C0-526E127FC09D}"
EndProject
Project("{FAE04EC0-301F-11D3-BF4B-00C04F79EFBC}") = "Задача 09", "Задача 09\Задача 09.csproj", "{9C835A0F-D7DD-4F45-8CA6-F042FF9E9169}"
EndProject
Project("{FAE04EC0-301F-11D3-BF4B-00C04F79EFBC}") = "Задача 10", "Задача 10\Задача 10.csproj", "{ABCA1847-88C6-4010-AD8A-A36CEAA87710}"
EndProject
Project("{FAE04EC0-301F-11D3-BF4B-00C04F79EFBC}") = "Задача 11", "Задача 11\Задача 11.csproj", "{745C432E-D705-4A7E-8AAC-2A3806C086FC}"
EndProject
Project("{FAE04EC0-301F-11D3-BF4B-00C04F79EFBC}") = "Задача 12", "Задача 12\Задача 12.csproj", "{4E233E90-8AFE-4CB8-BAEC-105C8DB46096}"
EndProject
Project("{FAE04EC0-301F-11D3-BF4B-00C04F79EFBC}") = "Задача 13", "Задача 13\Задача 13.csproj", "{67723317-0027-4E30-9094-1AC86E9729FB}"
EndProject
Project("{FAE04EC0-301F-11D3-BF4B-00C04F79EFBC}") = "Задача 14", "Задача 14\Задача 14.csproj", "{F6C0A086-3920-42B4-8E4C-3464404C0E08}"
EndProject
Project("{FAE04EC0-301F-11D3-BF4B-00C04F79EFBC}") = "Задача 15", "Задача 15\Задача 15.csproj", "{27470A97-8C60-48CA-8549-52BD05A05EEB}"
EndProject
Project("{FAE04EC0-301F-11D3-BF4B-00C04F79EFBC}") = "Задача 16", "Задача 16\Задача 16.csproj", "{817F581A-0838-48CA-B0EF-F0D41BCD665E}"
EndProject
Project("{FAE04EC0-301F-11D3-BF4B-00C04F79EFBC}") = "Задача 17", "Задача 17\Задача 17.csproj", "{3F1DF542-FD16-4D62-AD43-EAAE25C816CC}"
EndProject
Project("{FAE04EC0-301F-11D3-BF4B-00C04F79EFBC}") = "Задача 18", "Задача 18\Задача 18.csproj", "{3220A8D6-0440-48CB-8FB9-EA521799F97B}"
EndProject
Project("{FAE04EC0-301F-11D3-BF4B-00C04F79EFBC}") = "Задача 19", "Задача 19\Задача 19.csproj", "{C8706842-79BC-45C5-AB2C-A5E2C9EA36E2}"
EndProject
Project("{FAE04EC0-301F-11D3-BF4B-00C04F79EFBC}") = "Задача 20", "Задача 20\Задача 20.csproj", "{CB71B5CB-1897-4FF4-A95C-0FBF64FD158B}"
EndProject
Project("{FAE04EC0-301F-11D3-BF4B-00C04F79EFBC}") = "Задача 21", "Задача 21\Задача 21.csproj", "{208CD480-D361-4688-A910-E2549D9FCA5C}"
EndProject
Project("{FAE04EC0-301F-11D3-BF4B-00C04F79EFBC}") = "Задача 23", "Задача 23\Задача 23.csproj", "{885E63FC-20DE-4213-AA1C-B617B69A772A}"
EndProject
Project("{FAE04EC0-301F-11D3-BF4B-00C04F79EFBC}") = "Задача 24", "Задача 24\Задача 24.csproj", "{EA0F0A91-1CAB-413A-89A4-6E052E88556D}"
EndProject
Project("{FAE04EC0-301F-11D3-BF4B-00C04F79EFBC}") = "Задача 25", "Задача 25\Задача 25.csproj", "{14BE09B0-F326-4A8D-A38D-04FF08A12531}"
EndProject
Project("{FAE04EC0-301F-11D3-BF4B-00C04F79EFBC}") = "Задача 26", "Задача 26\Задача 26.csproj", "{65A338D7-2852-4B58-87AE-350C5432A817}"
EndProject
Project("{FAE04EC0-301F-11D3-BF4B-00C04F79EFBC}") = "Задача 27", "Задача 27\Задача 27.csproj", "{B34B6B0D-E61E-488A-8C4E-AFC277728218}"
EndProject
Project("{FAE04EC0-301F-11D3-BF4B-00C04F79EFBC}") = "Задача 28", "Задача 28\Задача 28.csproj", "{74BDF0FD-EC6C-495B-9044-203D0B3167DB}"
EndProject
Project("{FAE04EC0-301F-11D3-BF4B-00C04F79EFBC}") = "задача 29", "Задача 29\задача 29.csproj", "{98B55F52-244C-4402-953F-481629F80163}"
EndProject
Project("{FAE04EC0-301F-11D3-BF4B-00C04F79EFBC}") = "задача 30", "Задача 30\задача 30.csproj", "{626ACA55-51D0-49D8-B500-E1AE0DA26F14}"
EndProject
Project("{FAE04EC0-301F-11D3-BF4B-00C04F79EFBC}") = "Задача 31", "Задача 31\Задача 31.csproj", "{4412DE80-8ACE-4229-AAB4-0C132A7F4BE7}"
EndProject
Project("{FAE04EC0-301F-11D3-BF4B-00C04F79EFBC}") = "Задача 32", "Задача 32\Задача 32.csproj", "{F6247619-E884-4BCD-BB63-0E19EE84914E}"
EndProject
Project("{9A19103F-16F7-4668-BE54-9A1E7A4F7556}") = "Задача 22", "Задача 22\Задача 22.csproj", "{F6276E54-D271-4A87-8B9D-FB1BDA3C25E1}"
EndProject
Project("{FAE04EC0-301F-11D3-BF4B-00C04F79EFBC}") = "Задача 52", "Задача 52\Задача 52.csproj", "{9D036D32-0AE4-4120-9A48-39F44E533D0F}"
EndProject
Project("{FAE04EC0-301F-11D3-BF4B-00C04F79EFBC}") = "Задача 53", "Задача 53\Задача 53.csproj", "{05BB938C-D89A-46B2-B5F1-0FE35B1694B0}"
EndProject
Project("{FAE04EC0-301F-11D3-BF4B-00C04F79EFBC}") = "Задача 54", "Задача 54\Задача 54.csproj", "{B1DD0444-3450-4DA6-80B2-F964C64996EF}"
EndProject
Global
	GlobalSection(SolutionConfigurationPlatforms) = preSolution
		Debug|Any CPU = Debug|Any CPU
		Release|Any CPU = Release|Any CPU
	EndGlobalSection
	GlobalSection(ProjectConfigurationPlatforms) = postSolution
		{91C53D0E-178A-4CB5-B186-10BE335A719C}.Debug|Any CPU.ActiveCfg = Debug|Any CPU
		{91C53D0E-178A-4CB5-B186-10BE335A719C}.Debug|Any CPU.Build.0 = Debug|Any CPU
		{91C53D0E-178A-4CB5-B186-10BE335A719C}.Release|Any CPU.ActiveCfg = Release|Any CPU
		{91C53D0E-178A-4CB5-B186-10BE335A719C}.Release|Any CPU.Build.0 = Release|Any CPU
		{15EC71A0-80DF-460F-8F51-FB99FDCE3CB3}.Debug|Any CPU.ActiveCfg = Debug|Any CPU
		{15EC71A0-80DF-460F-8F51-FB99FDCE3CB3}.Debug|Any CPU.Build.0 = Debug|Any CPU
		{15EC71A0-80DF-460F-8F51-FB99FDCE3CB3}.Release|Any CPU.ActiveCfg = Release|Any CPU
		{15EC71A0-80DF-460F-8F51-FB99FDCE3CB3}.Release|Any CPU.Build.0 = Release|Any CPU
		{8A6AAF79-F91C-45C8-B481-C600E14EFFA4}.Debug|Any CPU.ActiveCfg = Debug|Any CPU
		{8A6AAF79-F91C-45C8-B481-C600E14EFFA4}.Debug|Any CPU.Build.0 = Debug|Any CPU
		{8A6AAF79-F91C-45C8-B481-C600E14EFFA4}.Release|Any CPU.ActiveCfg = Release|Any CPU
		{8A6AAF79-F91C-45C8-B481-C600E14EFFA4}.Release|Any CPU.Build.0 = Release|Any CPU
		{111C8A07-8687-4B71-9AC9-D3CC543F1185}.Debug|Any CPU.ActiveCfg = Debug|Any CPU
		{111C8A07-8687-4B71-9AC9-D3CC543F1185}.Debug|Any CPU.Build.0 = Debug|Any CPU
		{111C8A07-8687-4B71-9AC9-D3CC543F1185}.Release|Any CPU.ActiveCfg = Release|Any CPU
		{111C8A07-8687-4B71-9AC9-D3CC543F1185}.Release|Any CPU.Build.0 = Release|Any CPU
		{6D9B29D5-48EF-4965-B0E9-FB299C65A5C6}.Debug|Any CPU.ActiveCfg = Debug|Any CPU
		{6D9B29D5-48EF-4965-B0E9-FB299C65A5C6}.Debug|Any CPU.Build.0 = Debug|Any CPU
		{6D9B29D5-48EF-4965-B0E9-FB299C65A5C6}.Release|Any CPU.ActiveCfg = Release|Any CPU
		{6D9B29D5-48EF-4965-B0E9-FB299C65A5C6}.Release|Any CPU.Build.0 = Release|Any CPU
		{F8FAA183-74CD-4E57-961C-36EDCCB26CBA}.Debug|Any CPU.ActiveCfg = Debug|Any CPU
		{F8FAA183-74CD-4E57-961C-36EDCCB26CBA}.Debug|Any CPU.Build.0 = Debug|Any CPU
		{F8FAA183-74CD-4E57-961C-36EDCCB26CBA}.Release|Any CPU.ActiveCfg = Release|Any CPU
		{F8FAA183-74CD-4E57-961C-36EDCCB26CBA}.Release|Any CPU.Build.0 = Release|Any CPU
		{87735EA8-E7DC-4D99-A94F-F787BDD76DC8}.Debug|Any CPU.ActiveCfg = Debug|Any CPU
		{87735EA8-E7DC-4D99-A94F-F787BDD76DC8}.Debug|Any CPU.Build.0 = Debug|Any CPU
		{87735EA8-E7DC-4D99-A94F-F787BDD76DC8}.Release|Any CPU.ActiveCfg = Release|Any CPU
		{87735EA8-E7DC-4D99-A94F-F787BDD76DC8}.Release|Any CPU.Build.0 = Release|Any CPU
		{F5472A79-255B-4301-B62D-D9BDBB875F3B}.Debug|Any CPU.ActiveCfg = Debug|Any CPU
		{F5472A79-255B-4301-B62D-D9BDBB875F3B}.Debug|Any CPU.Build.0 = Debug|Any CPU
		{F5472A79-255B-4301-B62D-D9BDBB875F3B}.Release|Any CPU.ActiveCfg = Release|Any CPU
		{F5472A79-255B-4301-B62D-D9BDBB875F3B}.Release|Any CPU.Build.0 = Release|Any CPU
		{6CEDF375-C649-49E9-A1B0-4EBC60F60A8E}.Debug|Any CPU.ActiveCfg = Debug|Any CPU
		{6CEDF375-C649-49E9-A1B0-4EBC60F60A8E}.Debug|Any CPU.Build.0 = Debug|Any CPU
		{6CEDF375-C649-49E9-A1B0-4EBC60F60A8E}.Release|Any CPU.ActiveCfg = Release|Any CPU
		{6CEDF375-C649-49E9-A1B0-4EBC60F60A8E}.Release|Any CPU.Build.0 = Release|Any CPU
		{A1F5386E-8790-48CA-97C7-B1EA3989FDC1}.Debug|Any CPU.ActiveCfg = Debug|Any CPU
		{A1F5386E-8790-48CA-97C7-B1EA3989FDC1}.Debug|Any CPU.Build.0 = Debug|Any CPU
		{A1F5386E-8790-48CA-97C7-B1EA3989FDC1}.Release|Any CPU.ActiveCfg = Release|Any CPU
		{A1F5386E-8790-48CA-97C7-B1EA3989FDC1}.Release|Any CPU.Build.0 = Release|Any CPU
		{950A84F7-C5C2-496C-8087-E22201194DB4}.Debug|Any CPU.ActiveCfg = Debug|Any CPU
		{950A84F7-C5C2-496C-8087-E22201194DB4}.Debug|Any CPU.Build.0 = Debug|Any CPU
		{950A84F7-C5C2-496C-8087-E22201194DB4}.Release|Any CPU.ActiveCfg = Release|Any CPU
		{950A84F7-C5C2-496C-8087-E22201194DB4}.Release|Any CPU.Build.0 = Release|Any CPU
		{1FD4A302-4B93-43E3-B7C8-79725039CF16}.Debug|Any CPU.ActiveCfg = Debug|Any CPU
		{1FD4A302-4B93-43E3-B7C8-79725039CF16}.Debug|Any CPU.Build.0 = Debug|Any CPU
		{1FD4A302-4B93-43E3-B7C8-79725039CF16}.Release|Any CPU.ActiveCfg = Release|Any CPU
		{1FD4A302-4B93-43E3-B7C8-79725039CF16}.Release|Any CPU.Build.0 = Release|Any CPU
		{22954303-6BBE-437E-BB64-F53B2110BF57}.Debug|Any CPU.ActiveCfg = Debug|Any CPU
		{22954303-6BBE-437E-BB64-F53B2110BF57}.Debug|Any CPU.Build.0 = Debug|Any CPU
		{22954303-6BBE-437E-BB64-F53B2110BF57}.Release|Any CPU.ActiveCfg = Release|Any CPU
		{22954303-6BBE-437E-BB64-F53B2110BF57}.Release|Any CPU.Build.0 = Release|Any CPU
		{9E697469-AAC1-490C-B941-966B747528F0}.Debug|Any CPU.ActiveCfg = Debug|Any CPU
		{9E697469-AAC1-490C-B941-966B747528F0}.Debug|Any CPU.Build.0 = Debug|Any CPU
		{9E697469-AAC1-490C-B941-966B747528F0}.Release|Any CPU.ActiveCfg = Release|Any CPU
		{9E697469-AAC1-490C-B941-966B747528F0}.Release|Any CPU.Build.0 = Release|Any CPU
		{55A031D8-DC84-43CC-A328-AC742B2054E2}.Debug|Any CPU.ActiveCfg = Debug|Any CPU
		{55A031D8-DC84-43CC-A328-AC742B2054E2}.Debug|Any CPU.Build.0 = Debug|Any CPU
		{55A031D8-DC84-43CC-A328-AC742B2054E2}.Release|Any CPU.ActiveCfg = Release|Any CPU
		{55A031D8-DC84-43CC-A328-AC742B2054E2}.Release|Any CPU.Build.0 = Release|Any CPU
		{CB54F67C-C8F6-46E3-A3E6-D8AB8DF0C4A8}.Debug|Any CPU.ActiveCfg = Debug|Any CPU
		{CB54F67C-C8F6-46E3-A3E6-D8AB8DF0C4A8}.Debug|Any CPU.Build.0 = Debug|Any CPU
		{CB54F67C-C8F6-46E3-A3E6-D8AB8DF0C4A8}.Release|Any CPU.ActiveCfg = Release|Any CPU
		{CB54F67C-C8F6-46E3-A3E6-D8AB8DF0C4A8}.Release|Any CPU.Build.0 = Release|Any CPU
		{4908F6A9-C00A-46FD-9374-86FC06E857A0}.Debug|Any CPU.ActiveCfg = Debug|Any CPU
		{4908F6A9-C00A-46FD-9374-86FC06E857A0}.Debug|Any CPU.Build.0 = Debug|Any CPU
		{4908F6A9-C00A-46FD-9374-86FC06E857A0}.Release|Any CPU.ActiveCfg = Release|Any CPU
		{4908F6A9-C00A-46FD-9374-86FC06E857A0}.Release|Any CPU.Build.0 = Release|Any CPU
		{D2CCEBEA-C2CB-4CD9-AC8A-0FE4FB981A29}.Debug|Any CPU.ActiveCfg = Debug|Any CPU
		{D2CCEBEA-C2CB-4CD9-AC8A-0FE4FB981A29}.Debug|Any CPU.Build.0 = Debug|Any CPU
		{D2CCEBEA-C2CB-4CD9-AC8A-0FE4FB981A29}.Release|Any CPU.ActiveCfg = Release|Any CPU
		{D2CCEBEA-C2CB-4CD9-AC8A-0FE4FB981A29}.Release|Any CPU.Build.0 = Release|Any CPU
		{12F61E32-6BBE-42F1-856A-9B5D15B2A75D}.Debug|Any CPU.ActiveCfg = Debug|Any CPU
		{12F61E32-6BBE-42F1-856A-9B5D15B2A75D}.Debug|Any CPU.Build.0 = Debug|Any CPU
		{12F61E32-6BBE-42F1-856A-9B5D15B2A75D}.Release|Any CPU.ActiveCfg = Release|Any CPU
		{12F61E32-6BBE-42F1-856A-9B5D15B2A75D}.Release|Any CPU.Build.0 = Release|Any CPU
		{43C0DE7D-EE79-40B8-B551-A1EEF74B6966}.Debug|Any CPU.ActiveCfg = Debug|Any CPU
		{43C0DE7D-EE79-40B8-B551-A1EEF74B6966}.Debug|Any CPU.Build.0 = Debug|Any CPU
		{43C0DE7D-EE79-40B8-B551-A1EEF74B6966}.Release|Any CPU.ActiveCfg = Release|Any CPU
		{43C0DE7D-EE79-40B8-B551-A1EEF74B6966}.Release|Any CPU.Build.0 = Release|Any CPU
		{205B26D1-73FD-442F-BA17-5D179CA6D5AB}.Debug|Any CPU.ActiveCfg = Debug|Any CPU
		{205B26D1-73FD-442F-BA17-5D179CA6D5AB}.Debug|Any CPU.Build.0 = Debug|Any CPU
		{205B26D1-73FD-442F-BA17-5D179CA6D5AB}.Release|Any CPU.ActiveCfg = Release|Any CPU
		{205B26D1-73FD-442F-BA17-5D179CA6D5AB}.Release|Any CPU.Build.0 = Release|Any CPU
		{B2CD80C9-7467-4C34-BC3B-ADF78EAEAB6B}.Debug|Any CPU.ActiveCfg = Debug|Any CPU
		{B2CD80C9-7467-4C34-BC3B-ADF78EAEAB6B}.Debug|Any CPU.Build.0 = Debug|Any CPU
		{B2CD80C9-7467-4C34-BC3B-ADF78EAEAB6B}.Release|Any CPU.ActiveCfg = Release|Any CPU
		{B2CD80C9-7467-4C34-BC3B-ADF78EAEAB6B}.Release|Any CPU.Build.0 = Release|Any CPU
		{501F6000-52BF-44CE-9538-58A4C414FDC0}.Debug|Any CPU.ActiveCfg = Debug|Any CPU
		{501F6000-52BF-44CE-9538-58A4C414FDC0}.Debug|Any CPU.Build.0 = Debug|Any CPU
		{501F6000-52BF-44CE-9538-58A4C414FDC0}.Release|Any CPU.ActiveCfg = Release|Any CPU
		{501F6000-52BF-44CE-9538-58A4C414FDC0}.Release|Any CPU.Build.0 = Release|Any CPU
		{2C75F20B-EEA2-4DB2-9134-88CD24340633}.Debug|Any CPU.ActiveCfg = Debug|Any CPU
		{2C75F20B-EEA2-4DB2-9134-88CD24340633}.Debug|Any CPU.Build.0 = Debug|Any CPU
		{2C75F20B-EEA2-4DB2-9134-88CD24340633}.Release|Any CPU.ActiveCfg = Release|Any CPU
		{2C75F20B-EEA2-4DB2-9134-88CD24340633}.Release|Any CPU.Build.0 = Release|Any CPU
		{9E3669E3-4A47-4722-B691-9A96B58C85FE}.Debug|Any CPU.ActiveCfg = Debug|Any CPU
		{9E3669E3-4A47-4722-B691-9A96B58C85FE}.Debug|Any CPU.Build.0 = Debug|Any CPU
		{9E3669E3-4A47-4722-B691-9A96B58C85FE}.Release|Any CPU.ActiveCfg = Release|Any CPU
		{9E3669E3-4A47-4722-B691-9A96B58C85FE}.Release|Any CPU.Build.0 = Release|Any CPU
		{2850EE55-02A0-43D0-8B62-7C378EF3D361}.Debug|Any CPU.ActiveCfg = Debug|Any CPU
		{2850EE55-02A0-43D0-8B62-7C378EF3D361}.Debug|Any CPU.Build.0 = Debug|Any CPU
		{2850EE55-02A0-43D0-8B62-7C378EF3D361}.Release|Any CPU.ActiveCfg = Release|Any CPU
		{2850EE55-02A0-43D0-8B62-7C378EF3D361}.Release|Any CPU.Build.0 = Release|Any CPU
		{E2DFC2AB-74CA-4C8C-8718-594B3A4CBA92}.Debug|Any CPU.ActiveCfg = Debug|Any CPU
		{E2DFC2AB-74CA-4C8C-8718-594B3A4CBA92}.Debug|Any CPU.Build.0 = Debug|Any CPU
		{E2DFC2AB-74CA-4C8C-8718-594B3A4CBA92}.Release|Any CPU.ActiveCfg = Release|Any CPU
		{E2DFC2AB-74CA-4C8C-8718-594B3A4CBA92}.Release|Any CPU.Build.0 = Release|Any CPU
		{DE2B388A-F0DF-482D-98C0-526E127FC09D}.Debug|Any CPU.ActiveCfg = Debug|Any CPU
		{DE2B388A-F0DF-482D-98C0-526E127FC09D}.Debug|Any CPU.Build.0 = Debug|Any CPU
		{DE2B388A-F0DF-482D-98C0-526E127FC09D}.Release|Any CPU.ActiveCfg = Release|Any CPU
		{DE2B388A-F0DF-482D-98C0-526E127FC09D}.Release|Any CPU.Build.0 = Release|Any CPU
		{9C835A0F-D7DD-4F45-8CA6-F042FF9E9169}.Debug|Any CPU.ActiveCfg = Debug|Any CPU
		{9C835A0F-D7DD-4F45-8CA6-F042FF9E9169}.Debug|Any CPU.Build.0 = Debug|Any CPU
		{9C835A0F-D7DD-4F45-8CA6-F042FF9E9169}.Release|Any CPU.ActiveCfg = Release|Any CPU
		{9C835A0F-D7DD-4F45-8CA6-F042FF9E9169}.Release|Any CPU.Build.0 = Release|Any CPU
		{ABCA1847-88C6-4010-AD8A-A36CEAA87710}.Debug|Any CPU.ActiveCfg = Debug|Any CPU
		{ABCA1847-88C6-4010-AD8A-A36CEAA87710}.Debug|Any CPU.Build.0 = Debug|Any CPU
		{ABCA1847-88C6-4010-AD8A-A36CEAA87710}.Release|Any CPU.ActiveCfg = Release|Any CPU
		{ABCA1847-88C6-4010-AD8A-A36CEAA87710}.Release|Any CPU.Build.0 = Release|Any CPU
		{745C432E-D705-4A7E-8AAC-2A3806C086FC}.Debug|Any CPU.ActiveCfg = Debug|Any CPU
		{745C432E-D705-4A7E-8AAC-2A3806C086FC}.Debug|Any CPU.Build.0 = Debug|Any CPU
		{745C432E-D705-4A7E-8AAC-2A3806C086FC}.Release|Any CPU.ActiveCfg = Release|Any CPU
		{745C432E-D705-4A7E-8AAC-2A3806C086FC}.Release|Any CPU.Build.0 = Release|Any CPU
		{4E233E90-8AFE-4CB8-BAEC-105C8DB46096}.Debug|Any CPU.ActiveCfg = Debug|Any CPU
		{4E233E90-8AFE-4CB8-BAEC-105C8DB46096}.Debug|Any CPU.Build.0 = Debug|Any CPU
		{4E233E90-8AFE-4CB8-BAEC-105C8DB46096}.Release|Any CPU.ActiveCfg = Release|Any CPU
		{4E233E90-8AFE-4CB8-BAEC-105C8DB46096}.Release|Any CPU.Build.0 = Release|Any CPU
		{67723317-0027-4E30-9094-1AC86E9729FB}.Debug|Any CPU.ActiveCfg = Debug|Any CPU
		{67723317-0027-4E30-9094-1AC86E9729FB}.Debug|Any CPU.Build.0 = Debug|Any CPU
		{67723317-0027-4E30-9094-1AC86E9729FB}.Release|Any CPU.ActiveCfg = Release|Any CPU
		{67723317-0027-4E30-9094-1AC86E9729FB}.Release|Any CPU.Build.0 = Release|Any CPU
		{F6C0A086-3920-42B4-8E4C-3464404C0E08}.Debug|Any CPU.ActiveCfg = Debug|Any CPU
		{F6C0A086-3920-42B4-8E4C-3464404C0E08}.Debug|Any CPU.Build.0 = Debug|Any CPU
		{F6C0A086-3920-42B4-8E4C-3464404C0E08}.Release|Any CPU.ActiveCfg = Release|Any CPU
		{F6C0A086-3920-42B4-8E4C-3464404C0E08}.Release|Any CPU.Build.0 = Release|Any CPU
		{27470A97-8C60-48CA-8549-52BD05A05EEB}.Debug|Any CPU.ActiveCfg = Debug|Any CPU
		{27470A97-8C60-48CA-8549-52BD05A05EEB}.Debug|Any CPU.Build.0 = Debug|Any CPU
		{27470A97-8C60-48CA-8549-52BD05A05EEB}.Release|Any CPU.ActiveCfg = Release|Any CPU
		{27470A97-8C60-48CA-8549-52BD05A05EEB}.Release|Any CPU.Build.0 = Release|Any CPU
		{817F581A-0838-48CA-B0EF-F0D41BCD665E}.Debug|Any CPU.ActiveCfg = Debug|Any CPU
		{817F581A-0838-48CA-B0EF-F0D41BCD665E}.Debug|Any CPU.Build.0 = Debug|Any CPU
		{817F581A-0838-48CA-B0EF-F0D41BCD665E}.Release|Any CPU.ActiveCfg = Release|Any CPU
		{817F581A-0838-48CA-B0EF-F0D41BCD665E}.Release|Any CPU.Build.0 = Release|Any CPU
		{3F1DF542-FD16-4D62-AD43-EAAE25C816CC}.Debug|Any CPU.ActiveCfg = Debug|Any CPU
		{3F1DF542-FD16-4D62-AD43-EAAE25C816CC}.Debug|Any CPU.Build.0 = Debug|Any CPU
		{3F1DF542-FD16-4D62-AD43-EAAE25C816CC}.Release|Any CPU.ActiveCfg = Release|Any CPU
		{3F1DF542-FD16-4D62-AD43-EAAE25C816CC}.Release|Any CPU.Build.0 = Release|Any CPU
		{3220A8D6-0440-48CB-8FB9-EA521799F97B}.Debug|Any CPU.ActiveCfg = Debug|Any CPU
		{3220A8D6-0440-48CB-8FB9-EA521799F97B}.Debug|Any CPU.Build.0 = Debug|Any CPU
		{3220A8D6-0440-48CB-8FB9-EA521799F97B}.Release|Any CPU.ActiveCfg = Release|Any CPU
		{3220A8D6-0440-48CB-8FB9-EA521799F97B}.Release|Any CPU.Build.0 = Release|Any CPU
		{C8706842-79BC-45C5-AB2C-A5E2C9EA36E2}.Debug|Any CPU.ActiveCfg = Debug|Any CPU
		{C8706842-79BC-45C5-AB2C-A5E2C9EA36E2}.Debug|Any CPU.Build.0 = Debug|Any CPU
		{C8706842-79BC-45C5-AB2C-A5E2C9EA36E2}.Release|Any CPU.ActiveCfg = Release|Any CPU
		{C8706842-79BC-45C5-AB2C-A5E2C9EA36E2}.Release|Any CPU.Build.0 = Release|Any CPU
		{CB71B5CB-1897-4FF4-A95C-0FBF64FD158B}.Debug|Any CPU.ActiveCfg = Debug|Any CPU
		{CB71B5CB-1897-4FF4-A95C-0FBF64FD158B}.Debug|Any CPU.Build.0 = Debug|Any CPU
		{CB71B5CB-1897-4FF4-A95C-0FBF64FD158B}.Release|Any CPU.ActiveCfg = Release|Any CPU
		{CB71B5CB-1897-4FF4-A95C-0FBF64FD158B}.Release|Any CPU.Build.0 = Release|Any CPU
		{208CD480-D361-4688-A910-E2549D9FCA5C}.Debug|Any CPU.ActiveCfg = Debug|Any CPU
		{208CD480-D361-4688-A910-E2549D9FCA5C}.Debug|Any CPU.Build.0 = Debug|Any CPU
		{208CD480-D361-4688-A910-E2549D9FCA5C}.Release|Any CPU.ActiveCfg = Release|Any CPU
		{208CD480-D361-4688-A910-E2549D9FCA5C}.Release|Any CPU.Build.0 = Release|Any CPU
		{885E63FC-20DE-4213-AA1C-B617B69A772A}.Debug|Any CPU.ActiveCfg = Debug|Any CPU
		{885E63FC-20DE-4213-AA1C-B617B69A772A}.Debug|Any CPU.Build.0 = Debug|Any CPU
		{885E63FC-20DE-4213-AA1C-B617B69A772A}.Release|Any CPU.ActiveCfg = Release|Any CPU
		{885E63FC-20DE-4213-AA1C-B617B69A772A}.Release|Any CPU.Build.0 = Release|Any CPU
		{EA0F0A91-1CAB-413A-89A4-6E052E88556D}.Debug|Any CPU.ActiveCfg = Debug|Any CPU
		{EA0F0A91-1CAB-413A-89A4-6E052E88556D}.Debug|Any CPU.Build.0 = Debug|Any CPU
		{EA0F0A91-1CAB-413A-89A4-6E052E88556D}.Release|Any CPU.ActiveCfg = Release|Any CPU
		{EA0F0A91-1CAB-413A-89A4-6E052E88556D}.Release|Any CPU.Build.0 = Release|Any CPU
		{14BE09B0-F326-4A8D-A38D-04FF08A12531}.Debug|Any CPU.ActiveCfg = Debug|Any CPU
		{14BE09B0-F326-4A8D-A38D-04FF08A12531}.Debug|Any CPU.Build.0 = Debug|Any CPU
		{14BE09B0-F326-4A8D-A38D-04FF08A12531}.Release|Any CPU.ActiveCfg = Release|Any CPU
		{14BE09B0-F326-4A8D-A38D-04FF08A12531}.Release|Any CPU.Build.0 = Release|Any CPU
		{65A338D7-2852-4B58-87AE-350C5432A817}.Debug|Any CPU.ActiveCfg = Debug|Any CPU
		{65A338D7-2852-4B58-87AE-350C5432A817}.Debug|Any CPU.Build.0 = Debug|Any CPU
		{65A338D7-2852-4B58-87AE-350C5432A817}.Release|Any CPU.ActiveCfg = Release|Any CPU
		{65A338D7-2852-4B58-87AE-350C5432A817}.Release|Any CPU.Build.0 = Release|Any CPU
		{B34B6B0D-E61E-488A-8C4E-AFC277728218}.Debug|Any CPU.ActiveCfg = Debug|Any CPU
		{B34B6B0D-E61E-488A-8C4E-AFC277728218}.Debug|Any CPU.Build.0 = Debug|Any CPU
		{B34B6B0D-E61E-488A-8C4E-AFC277728218}.Release|Any CPU.ActiveCfg = Release|Any CPU
		{B34B6B0D-E61E-488A-8C4E-AFC277728218}.Release|Any CPU.Build.0 = Release|Any CPU
		{74BDF0FD-EC6C-495B-9044-203D0B3167DB}.Debug|Any CPU.ActiveCfg = Debug|Any CPU
		{74BDF0FD-EC6C-495B-9044-203D0B3167DB}.Debug|Any CPU.Build.0 = Debug|Any CPU
		{74BDF0FD-EC6C-495B-9044-203D0B3167DB}.Release|Any CPU.ActiveCfg = Release|Any CPU
		{74BDF0FD-EC6C-495B-9044-203D0B3167DB}.Release|Any CPU.Build.0 = Release|Any CPU
		{98B55F52-244C-4402-953F-481629F80163}.Debug|Any CPU.ActiveCfg = Debug|Any CPU
		{98B55F52-244C-4402-953F-481629F80163}.Debug|Any CPU.Build.0 = Debug|Any CPU
		{98B55F52-244C-4402-953F-481629F80163}.Release|Any CPU.ActiveCfg = Release|Any CPU
		{98B55F52-244C-4402-953F-481629F80163}.Release|Any CPU.Build.0 = Release|Any CPU
		{626ACA55-51D0-49D8-B500-E1AE0DA26F14}.Debug|Any CPU.ActiveCfg = Debug|Any CPU
		{626ACA55-51D0-49D8-B500-E1AE0DA26F14}.Debug|Any CPU.Build.0 = Debug|Any CPU
		{626ACA55-51D0-49D8-B500-E1AE0DA26F14}.Release|Any CPU.ActiveCfg = Release|Any CPU
		{626ACA55-51D0-49D8-B500-E1AE0DA26F14}.Release|Any CPU.Build.0 = Release|Any CPU
		{4412DE80-8ACE-4229-AAB4-0C132A7F4BE7}.Debug|Any CPU.ActiveCfg = Debug|Any CPU
		{4412DE80-8ACE-4229-AAB4-0C132A7F4BE7}.Debug|Any CPU.Build.0 = Debug|Any CPU
		{4412DE80-8ACE-4229-AAB4-0C132A7F4BE7}.Release|Any CPU.ActiveCfg = Release|Any CPU
		{4412DE80-8ACE-4229-AAB4-0C132A7F4BE7}.Release|Any CPU.Build.0 = Release|Any CPU
		{F6247619-E884-4BCD-BB63-0E19EE84914E}.Debug|Any CPU.ActiveCfg = Debug|Any CPU
		{F6247619-E884-4BCD-BB63-0E19EE84914E}.Debug|Any CPU.Build.0 = Debug|Any CPU
		{F6247619-E884-4BCD-BB63-0E19EE84914E}.Release|Any CPU.ActiveCfg = Release|Any CPU
		{F6247619-E884-4BCD-BB63-0E19EE84914E}.Release|Any CPU.Build.0 = Release|Any CPU
		{F6276E54-D271-4A87-8B9D-FB1BDA3C25E1}.Debug|Any CPU.ActiveCfg = Debug|Any CPU
		{F6276E54-D271-4A87-8B9D-FB1BDA3C25E1}.Debug|Any CPU.Build.0 = Debug|Any CPU
		{F6276E54-D271-4A87-8B9D-FB1BDA3C25E1}.Release|Any CPU.ActiveCfg = Release|Any CPU
		{F6276E54-D271-4A87-8B9D-FB1BDA3C25E1}.Release|Any CPU.Build.0 = Release|Any CPU
		{9D036D32-0AE4-4120-9A48-39F44E533D0F}.Debug|Any CPU.ActiveCfg = Debug|Any CPU
		{9D036D32-0AE4-4120-9A48-39F44E533D0F}.Debug|Any CPU.Build.0 = Debug|Any CPU
		{9D036D32-0AE4-4120-9A48-39F44E533D0F}.Release|Any CPU.ActiveCfg = Release|Any CPU
		{9D036D32-0AE4-4120-9A48-39F44E533D0F}.Release|Any CPU.Build.0 = Release|Any CPU
		{05BB938C-D89A-46B2-B5F1-0FE35B1694B0}.Debug|Any CPU.ActiveCfg = Debug|Any CPU
		{05BB938C-D89A-46B2-B5F1-0FE35B1694B0}.Debug|Any CPU.Build.0 = Debug|Any CPU
		{05BB938C-D89A-46B2-B5F1-0FE35B1694B0}.Release|Any CPU.ActiveCfg = Release|Any CPU
		{05BB938C-D89A-46B2-B5F1-0FE35B1694B0}.Release|Any CPU.Build.0 = Release|Any CPU
		{B1DD0444-3450-4DA6-80B2-F964C64996EF}.Debug|Any CPU.ActiveCfg = Debug|Any CPU
		{B1DD0444-3450-4DA6-80B2-F964C64996EF}.Debug|Any CPU.Build.0 = Debug|Any CPU
		{B1DD0444-3450-4DA6-80B2-F964C64996EF}.Release|Any CPU.ActiveCfg = Release|Any CPU
		{B1DD0444-3450-4DA6-80B2-F964C64996EF}.Release|Any CPU.Build.0 = Release|Any CPU
	EndGlobalSection
	GlobalSection(SolutionProperties) = preSolution
		HideSolutionNode = FALSE
	EndGlobalSection
	GlobalSection(ExtensibilityGlobals) = postSolution
		SolutionGuid = {B8C903C8-72D8-4EB0-8704-5DBD61FE7A84}
	EndGlobalSection
EndGlobal
